
Microsoft Visual Studio Solution File, Format Version 12.00
# Visual Studio Version 17
VisualStudioVersion = 17.14.36518.9 d17.14
MinimumVisualStudioVersion = 10.0.40219.1
Project("{FAE04EC0-301F-11D3-BF4B-00C04F79EFBC}") = "Mi App 1", "Mi App 1\Mi App 1.csproj", "{72E95561-DD8F-4484-83CA-8FC74CF9AE6A}"
EndProject
Global
	GlobalSection(SolutionConfigurationPlatforms) = preSolution
		Debug|Any CPU = Debug|Any CPU
		Release|Any CPU = Release|Any CPU
	EndGlobalSection
	GlobalSection(ProjectConfigurationPlatforms) = postSolution
		{72E95561-DD8F-4484-83CA-8FC74CF9AE6A}.Debug|Any CPU.ActiveCfg = Debug|Any CPU
		{72E95561-DD8F-4484-83CA-8FC74CF9AE6A}.Debug|Any CPU.Build.0 = Debug|Any CPU
		{72E95561-DD8F-4484-83CA-8FC74CF9AE6A}.Release|Any CPU.ActiveCfg = Release|Any CPU
		{72E95561-DD8F-4484-83CA-8FC74CF9AE6A}.Release|Any CPU.Build.0 = Release|Any CPU
	EndGlobalSection
	GlobalSection(SolutionProperties) = preSolution
		HideSolutionNode = FALSE
	EndGlobalSection
	GlobalSection(ExtensibilityGlobals) = postSolution
		SolutionGuid = {DB9C1E57-838C-44B9-9E8A-567D335D7BB8}
	EndGlobalSection
EndGlobal
