
Microsoft Visual Studio Solution File, Format Version 12.00
# Visual Studio Version 17
VisualStudioVersion = 17.13.35828.75 d17.13
MinimumVisualStudioVersion = 10.0.40219.1
Project("{FAE04EC0-301F-11D3-BF4B-00C04F79EFBC}") = "GridEventosSobreGrid", "GridEventosSobreGrid\GridEventosSobreGrid.csproj", "{774C64AE-5A68-4070-BF3F-8741D566584D}"
EndProject
Global
	GlobalSection(SolutionConfigurationPlatforms) = preSolution
		Debug|Any CPU = Debug|Any CPU
		Release|Any CPU = Release|Any CPU
	EndGlobalSection
	GlobalSection(ProjectConfigurationPlatforms) = postSolution
		{774C64AE-5A68-4070-BF3F-8741D566584D}.Debug|Any CPU.ActiveCfg = Debug|Any CPU
		{774C64AE-5A68-4070-BF3F-8741D566584D}.Debug|Any CPU.Build.0 = Debug|Any CPU
		{774C64AE-5A68-4070-BF3F-8741D566584D}.Release|Any CPU.ActiveCfg = Release|Any CPU
		{774C64AE-5A68-4070-BF3F-8741D566584D}.Release|Any CPU.Build.0 = Release|Any CPU
	EndGlobalSection
	GlobalSection(SolutionProperties) = preSolution
		HideSolutionNode = FALSE
	EndGlobalSection
	GlobalSection(ExtensibilityGlobals) = postSolution
		SolutionGuid = {C7BE51CE-4555-4764-9A89-C60E928777EF}
	EndGlobalSection
EndGlobal
